
Microsoft Visual Studio Solution File, Format Version 12.00
# Visual Studio Version 16
VisualStudioVersion = 16.0.30413.136
MinimumVisualStudioVersion = 10.0.40219.1
Project("{2150E333-8FDC-42A3-9474-1A3956D46DE8}") = "01 - Presentación o Cara Visible", "01 - Presentación o Cara Visible", "{4D1199D8-6431-4B34-B4F9-CEE693E2ED92}"
EndProject
Project("{2150E333-8FDC-42A3-9474-1A3956D46DE8}") = "02 - Aplicación y Dominio", "02 - Aplicación y Dominio", "{46F5FB48-72CC-4DEB-94B7-1D40DD248C34}"
EndProject
Project("{2150E333-8FDC-42A3-9474-1A3956D46DE8}") = "03 - Datos e Infraestructura", "03 - Datos e Infraestructura", "{F8BBC128-88BE-447F-944E-C67748DEFAFA}"
EndProject
Project("{2150E333-8FDC-42A3-9474-1A3956D46DE8}") = "04 - Entidades y Validaciones", "04 - Entidades y Validaciones", "{74DC3E77-4CBE-4BF3-A8BA-82FD4C53D1F7}"
EndProject
Project("{FAE04EC0-301F-11D3-BF4B-00C04F79EFBC}") = "INSTITUCION.ENTVAL.NOMBREPROYECTO", "INSTITUCION.ENTVAL.NOMBREPROYECTO\INSTITUCION.ENTVAL.NOMBREPROYECTO.csproj", "{DF27D033-38DE-4D41-A055-959BA763EA0E}"
EndProject
Project("{FAE04EC0-301F-11D3-BF4B-00C04F79EFBC}") = "INSTITUCION.DAL.NOMBREPROYECTO", "INSTITUCION.DAL.NOMBREPROYECTO\INSTITUCION.DAL.NOMBREPROYECTO.csproj", "{6D5752B6-D80F-4B86-A6B4-317FC247872A}"
EndProject
Project("{FAE04EC0-301F-11D3-BF4B-00C04F79EFBC}") = "INSTITUCION.APL.NOMBREPROYECTO", "INSTITUCION.APL.NOMBREPROYECTO\INSTITUCION.APL.NOMBREPROYECTO.csproj", "{BECE2BC9-0AF3-458E-8A0D-D77E432E144D}"
EndProject
Project("{FAE04EC0-301F-11D3-BF4B-00C04F79EFBC}") = "INSTITUCION.WEB.MVC.NOMBREPROYECTO", "INSTITUCION.WEB.MVC.NOMBREPROYECTO\INSTITUCION.WEB.MVC.NOMBREPROYECTO.csproj", "{6E867E49-74F9-4784-9454-EABBE38CCD82}"
EndProject
Project("{FAE04EC0-301F-11D3-BF4B-00C04F79EFBC}") = "INSTITUCION.DOM.NOMBREPROYECTO", "INSTITUCION.DOM.NOMBREPROYECTO\INSTITUCION.DOM.NOMBREPROYECTO.csproj", "{F7B1E2DA-A336-4F84-A839-37277CAF942B}"
EndProject
Project("{FAE04EC0-301F-11D3-BF4B-00C04F79EFBC}") = "INSTITUCION.DAL.NOMBREPROYECTO.TEST", "INSTITUCION.DAL.NOMBREPROYECTO.TEST\INSTITUCION.DAL.NOMBREPROYECTO.TEST.csproj", "{8A2F2F1F-7889-422A-8CD1-3EFACF992F46}"
EndProject
Project("{2150E333-8FDC-42A3-9474-1A3956D46DE8}") = "05 - Pruebas", "05 - Pruebas", "{5F01ADA8-2320-4D3F-B7C8-F4D205F9C17B}"
EndProject
Global
	GlobalSection(SolutionConfigurationPlatforms) = preSolution
		Debug|Any CPU = Debug|Any CPU
		Release|Any CPU = Release|Any CPU
	EndGlobalSection
	GlobalSection(ProjectConfigurationPlatforms) = postSolution
		{DF27D033-38DE-4D41-A055-959BA763EA0E}.Debug|Any CPU.ActiveCfg = Debug|Any CPU
		{DF27D033-38DE-4D41-A055-959BA763EA0E}.Debug|Any CPU.Build.0 = Debug|Any CPU
		{DF27D033-38DE-4D41-A055-959BA763EA0E}.Release|Any CPU.ActiveCfg = Release|Any CPU
		{DF27D033-38DE-4D41-A055-959BA763EA0E}.Release|Any CPU.Build.0 = Release|Any CPU
		{6D5752B6-D80F-4B86-A6B4-317FC247872A}.Debug|Any CPU.ActiveCfg = Debug|Any CPU
		{6D5752B6-D80F-4B86-A6B4-317FC247872A}.Debug|Any CPU.Build.0 = Debug|Any CPU
		{6D5752B6-D80F-4B86-A6B4-317FC247872A}.Release|Any CPU.ActiveCfg = Release|Any CPU
		{6D5752B6-D80F-4B86-A6B4-317FC247872A}.Release|Any CPU.Build.0 = Release|Any CPU
		{BECE2BC9-0AF3-458E-8A0D-D77E432E144D}.Debug|Any CPU.ActiveCfg = Debug|Any CPU
		{BECE2BC9-0AF3-458E-8A0D-D77E432E144D}.Debug|Any CPU.Build.0 = Debug|Any CPU
		{BECE2BC9-0AF3-458E-8A0D-D77E432E144D}.Release|Any CPU.ActiveCfg = Release|Any CPU
		{BECE2BC9-0AF3-458E-8A0D-D77E432E144D}.Release|Any CPU.Build.0 = Release|Any CPU
		{6E867E49-74F9-4784-9454-EABBE38CCD82}.Debug|Any CPU.ActiveCfg = Debug|Any CPU
		{6E867E49-74F9-4784-9454-EABBE38CCD82}.Debug|Any CPU.Build.0 = Debug|Any CPU
		{6E867E49-74F9-4784-9454-EABBE38CCD82}.Release|Any CPU.ActiveCfg = Release|Any CPU
		{6E867E49-74F9-4784-9454-EABBE38CCD82}.Release|Any CPU.Build.0 = Release|Any CPU
		{F7B1E2DA-A336-4F84-A839-37277CAF942B}.Debug|Any CPU.ActiveCfg = Debug|Any CPU
		{F7B1E2DA-A336-4F84-A839-37277CAF942B}.Debug|Any CPU.Build.0 = Debug|Any CPU
		{F7B1E2DA-A336-4F84-A839-37277CAF942B}.Release|Any CPU.ActiveCfg = Release|Any CPU
		{F7B1E2DA-A336-4F84-A839-37277CAF942B}.Release|Any CPU.Build.0 = Release|Any CPU
		{8A2F2F1F-7889-422A-8CD1-3EFACF992F46}.Debug|Any CPU.ActiveCfg = Debug|Any CPU
		{8A2F2F1F-7889-422A-8CD1-3EFACF992F46}.Debug|Any CPU.Build.0 = Debug|Any CPU
		{8A2F2F1F-7889-422A-8CD1-3EFACF992F46}.Release|Any CPU.ActiveCfg = Release|Any CPU
		{8A2F2F1F-7889-422A-8CD1-3EFACF992F46}.Release|Any CPU.Build.0 = Release|Any CPU
	EndGlobalSection
	GlobalSection(SolutionProperties) = preSolution
		HideSolutionNode = FALSE
	EndGlobalSection
	GlobalSection(NestedProjects) = preSolution
		{DF27D033-38DE-4D41-A055-959BA763EA0E} = {74DC3E77-4CBE-4BF3-A8BA-82FD4C53D1F7}
		{6D5752B6-D80F-4B86-A6B4-317FC247872A} = {F8BBC128-88BE-447F-944E-C67748DEFAFA}
		{BECE2BC9-0AF3-458E-8A0D-D77E432E144D} = {46F5FB48-72CC-4DEB-94B7-1D40DD248C34}
		{6E867E49-74F9-4784-9454-EABBE38CCD82} = {4D1199D8-6431-4B34-B4F9-CEE693E2ED92}
		{F7B1E2DA-A336-4F84-A839-37277CAF942B} = {46F5FB48-72CC-4DEB-94B7-1D40DD248C34}
		{8A2F2F1F-7889-422A-8CD1-3EFACF992F46} = {5F01ADA8-2320-4D3F-B7C8-F4D205F9C17B}
	EndGlobalSection
	GlobalSection(ExtensibilityGlobals) = postSolution
		SolutionGuid = {51039DF9-D05F-4520-9268-C8B7D5200522}
	EndGlobalSection
EndGlobal
